// !$*UTF8*$!
{
	archiveVersion = 1;
	classes = {
	};
	objectVersion = 46;
	objects = {

/* Begin PBXBuildFile section */
		755C89B01955C9FF00BA4EFF /* Foundation.framework in Frameworks */ = {isa = PBXBuildFile; fileRef = 755C89AF1955C9FF00BA4EFF /* Foundation.framework */; };
		755C89B21955C9FF00BA4EFF /* CoreGraphics.framework in Frameworks */ = {isa = PBXBuildFile; fileRef = 755C89B11955C9FF00BA4EFF /* CoreGraphics.framework */; };
		755C89B41955C9FF00BA4EFF /* UIKit.framework in Frameworks */ = {isa = PBXBuildFile; fileRef = 755C89B31955C9FF00BA4EFF /* UIKit.framework */; };
		755C89BA1955C9FF00BA4EFF /* InfoPlist.strings in Resources */ = {isa = PBXBuildFile; fileRef = 755C89B81955C9FF00BA4EFF /* InfoPlist.strings */; };
		755C89BC1955C9FF00BA4EFF /* main.m in Sources */ = {isa = PBXBuildFile; fileRef = 755C89BB1955C9FF00BA4EFF /* main.m */; };
		755C89C31955C9FF00BA4EFF /* Main.storyboard in Resources */ = {isa = PBXBuildFile; fileRef = 755C89C11955C9FF00BA4EFF /* Main.storyboard */; };
		755C89C61955C9FF00BA4EFF /* mainViewController.m in Sources */ = {isa = PBXBuildFile; fileRef = 755C89C51955C9FF00BA4EFF /* mainViewController.m */; };
		755C89C81955C9FF00BA4EFF /* Images.xcassets in Resources */ = {isa = PBXBuildFile; fileRef = 755C89C71955C9FF00BA4EFF /* Images.xcassets */; };
		755C89CF1955C9FF00BA4EFF /* XCTest.framework in Frameworks */ = {isa = PBXBuildFile; fileRef = 755C89CE1955C9FF00BA4EFF /* XCTest.framework */; };
		755C89D01955C9FF00BA4EFF /* Foundation.framework in Frameworks */ = {isa = PBXBuildFile; fileRef = 755C89AF1955C9FF00BA4EFF /* Foundation.framework */; };
		755C89D11955CA0000BA4EFF /* UIKit.framework in Frameworks */ = {isa = PBXBuildFile; fileRef = 755C89B31955C9FF00BA4EFF /* UIKit.framework */; };
		755C89D91955CA0000BA4EFF /* InfoPlist.strings in Resources */ = {isa = PBXBuildFile; fileRef = 755C89D71955CA0000BA4EFF /* InfoPlist.strings */; };
		755C89DB1955CA0000BA4EFF /* DailySFTests.m in Sources */ = {isa = PBXBuildFile; fileRef = 755C89DA1955CA0000BA4EFF /* DailySFTests.m */; };
		755C89EE1955CCA500BA4EFF /* demo_1.jpg in Resources */ = {isa = PBXBuildFile; fileRef = 755C89EA1955CCA500BA4EFF /* demo_1.jpg */; };
		755C89EF1955CCA500BA4EFF /* demo_2.jpg in Resources */ = {isa = PBXBuildFile; fileRef = 755C89EB1955CCA500BA4EFF /* demo_2.jpg */; };
		755C89F01955CCA500BA4EFF /* demo_3.jpg in Resources */ = {isa = PBXBuildFile; fileRef = 755C89EC1955CCA500BA4EFF /* demo_3.jpg */; };
		755C89F11955CCA500BA4EFF /* demo_4.png in Resources */ = {isa = PBXBuildFile; fileRef = 755C89ED1955CCA500BA4EFF /* demo_4.png */; };
		75789E5F1956CADE00549E5D /* optionViewController.m in Sources */ = {isa = PBXBuildFile; fileRef = 75789E5E1956CADE00549E5D /* optionViewController.m */; };
		75789E6B1956D47000549E5D /* JBParallaxCell.m in Sources */ = {isa = PBXBuildFile; fileRef = 75789E6A1956D47000549E5D /* JBParallaxCell.m */; };
		75789E7D1956D80400549E5D /* MJRefresh.bundle in Resources */ = {isa = PBXBuildFile; fileRef = 75789E6D1956D80400549E5D /* MJRefresh.bundle */; };
		75789E7E1956D80400549E5D /* MJRefreshBaseView.m in Sources */ = {isa = PBXBuildFile; fileRef = 75789E701956D80400549E5D /* MJRefreshBaseView.m */; };
		75789E7F1956D80400549E5D /* MJRefreshConst.m in Sources */ = {isa = PBXBuildFile; fileRef = 75789E721956D80400549E5D /* MJRefreshConst.m */; };
		75789E801956D80400549E5D /* MJRefreshFooterView.m in Sources */ = {isa = PBXBuildFile; fileRef = 75789E741956D80400549E5D /* MJRefreshFooterView.m */; };
		75789E811956D80400549E5D /* MJRefreshHeaderView.m in Sources */ = {isa = PBXBuildFile; fileRef = 75789E761956D80400549E5D /* MJRefreshHeaderView.m */; };
		75789E821956D80400549E5D /* UIScrollView+Extension.m in Sources */ = {isa = PBXBuildFile; fileRef = 75789E781956D80400549E5D /* UIScrollView+Extension.m */; };
		75789E831956D80400549E5D /* UIScrollView+MJRefresh.m in Sources */ = {isa = PBXBuildFile; fileRef = 75789E7A1956D80400549E5D /* UIScrollView+MJRefresh.m */; };
		75789E841956D80400549E5D /* UIView+Extension.m in Sources */ = {isa = PBXBuildFile; fileRef = 75789E7C1956D80400549E5D /* UIView+Extension.m */; };
		75789E891956E30700549E5D /* Entitlements.plist in Resources */ = {isa = PBXBuildFile; fileRef = 75789E881956E30700549E5D /* Entitlements.plist */; };
		75E8CFEA1955EAD7004D7F05 /* ICSDrawerController.m in Sources */ = {isa = PBXBuildFile; fileRef = 75E8CFE71955EAD7004D7F05 /* ICSDrawerController.m */; };
		75E8CFEB1955EAD7004D7F05 /* ICSDropShadowView.m in Sources */ = {isa = PBXBuildFile; fileRef = 75E8CFE91955EAD7004D7F05 /* ICSDropShadowView.m */; };
		75E8CFEE1955EDAA004D7F05 /* menuViewController.m in Sources */ = {isa = PBXBuildFile; fileRef = 75E8CFED1955EDAA004D7F05 /* menuViewController.m */; };
		75E8CFF11955F1FE004D7F05 /* AppDelegate.m in Sources */ = {isa = PBXBuildFile; fileRef = 75E8CFF01955F1FE004D7F05 /* AppDelegate.m */; };
		75E8CFF31955F7F6004D7F05 /* menubuttom.png in Resources */ = {isa = PBXBuildFile; fileRef = 75E8CFF21955F7F6004D7F05 /* menubuttom.png */; };
		75E8CFF519560309004D7F05 /* bg.png in Resources */ = {isa = PBXBuildFile; fileRef = 75E8CFF419560309004D7F05 /* bg.png */; };
		75E8CFF81956BF68004D7F05 /* aboutViewController.m in Sources */ = {isa = PBXBuildFile; fileRef = 75E8CFF71956BF68004D7F05 /* aboutViewController.m */; };
/* End PBXBuildFile section */

/* Begin PBXContainerItemProxy section */
		755C89D21955CA0000BA4EFF /* PBXContainerItemProxy */ = {
			isa = PBXContainerItemProxy;
			containerPortal = 755C89A41955C9FF00BA4EFF /* Project object */;
			proxyType = 1;
			remoteGlobalIDString = 755C89AB1955C9FF00BA4EFF;
			remoteInfo = DailySF;
		};
/* End PBXContainerItemProxy section */

/* Begin PBXFileReference section */
		755C89AC1955C9FF00BA4EFF /* DailySF.app */ = {isa = PBXFileReference; explicitFileType = wrapper.application; includeInIndex = 0; path = DailySF.app; sourceTree = BUILT_PRODUCTS_DIR; };
		755C89AF1955C9FF00BA4EFF /* Foundation.framework */ = {isa = PBXFileReference; lastKnownFileType = wrapper.framework; name = Foundation.framework; path = System/Library/Frameworks/Foundation.framework; sourceTree = SDKROOT; };
		755C89B11955C9FF00BA4EFF /* CoreGraphics.framework */ = {isa = PBXFileReference; lastKnownFileType = wrapper.framework; name = CoreGraphics.framework; path = System/Library/Frameworks/CoreGraphics.framework; sourceTree = SDKROOT; };
		755C89B31955C9FF00BA4EFF /* UIKit.framework */ = {isa = PBXFileReference; lastKnownFileType = wrapper.framework; name = UIKit.framework; path = System/Library/Frameworks/UIKit.framework; sourceTree = SDKROOT; };
		755C89B71955C9FF00BA4EFF /* DailySF-Info.plist */ = {isa = PBXFileReference; lastKnownFileType = text.plist.xml; path = "DailySF-Info.plist"; sourceTree = "<group>"; };
		755C89B91955C9FF00BA4EFF /* en */ = {isa = PBXFileReference; lastKnownFileType = text.plist.strings; name = en; path = en.lproj/InfoPlist.strings; sourceTree = "<group>"; };
		755C89BB1955C9FF00BA4EFF /* main.m */ = {isa = PBXFileReference; lastKnownFileType = sourcecode.c.objc; path = main.m; sourceTree = "<group>"; };
		755C89BD1955C9FF00BA4EFF /* DailySF-Prefix.pch */ = {isa = PBXFileReference; lastKnownFileType = sourcecode.c.h; path = "DailySF-Prefix.pch"; sourceTree = "<group>"; };
		755C89C21955C9FF00BA4EFF /* Base */ = {isa = PBXFileReference; lastKnownFileType = file.storyboard; name = Base; path = Base.lproj/Main.storyboard; sourceTree = "<group>"; };
		755C89C41955C9FF00BA4EFF /* mainViewController.h */ = {isa = PBXFileReference; lastKnownFileType = sourcecode.c.h; path = mainViewController.h; sourceTree = "<group>"; };
		755C89C51955C9FF00BA4EFF /* mainViewController.m */ = {isa = PBXFileReference; lastKnownFileType = sourcecode.c.objc; path = mainViewController.m; sourceTree = "<group>"; };
		755C89C71955C9FF00BA4EFF /* Images.xcassets */ = {isa = PBXFileReference; lastKnownFileType = folder.assetcatalog; path = Images.xcassets; sourceTree = "<group>"; };
		755C89CD1955C9FF00BA4EFF /* DailySFTests.xctest */ = {isa = PBXFileReference; explicitFileType = wrapper.cfbundle; includeInIndex = 0; path = DailySFTests.xctest; sourceTree = BUILT_PRODUCTS_DIR; };
		755C89CE1955C9FF00BA4EFF /* XCTest.framework */ = {isa = PBXFileReference; lastKnownFileType = wrapper.framework; name = XCTest.framework; path = Library/Frameworks/XCTest.framework; sourceTree = DEVELOPER_DIR; };
		755C89D61955CA0000BA4EFF /* DailySFTests-Info.plist */ = {isa = PBXFileReference; lastKnownFileType = text.plist.xml; path = "DailySFTests-Info.plist"; sourceTree = "<group>"; };
		755C89D81955CA0000BA4EFF /* en */ = {isa = PBXFileReference; lastKnownFileType = text.plist.strings; name = en; path = en.lproj/InfoPlist.strings; sourceTree = "<group>"; };
		755C89DA1955CA0000BA4EFF /* DailySFTests.m */ = {isa = PBXFileReference; lastKnownFileType = sourcecode.c.objc; path = DailySFTests.m; sourceTree = "<group>"; };
		755C89EA1955CCA500BA4EFF /* demo_1.jpg */ = {isa = PBXFileReference; lastKnownFileType = image.jpeg; path = demo_1.jpg; sourceTree = "<group>"; };
		755C89EB1955CCA500BA4EFF /* demo_2.jpg */ = {isa = PBXFileReference; lastKnownFileType = image.jpeg; path = demo_2.jpg; sourceTree = "<group>"; };
		755C89EC1955CCA500BA4EFF /* demo_3.jpg */ = {isa = PBXFileReference; lastKnownFileType = image.jpeg; path = demo_3.jpg; sourceTree = "<group>"; };
		755C89ED1955CCA500BA4EFF /* demo_4.png */ = {isa = PBXFileReference; lastKnownFileType = image.png; path = demo_4.png; sourceTree = "<group>"; };
		75789E5D1956CADE00549E5D /* optionViewController.h */ = {isa = PBXFileReference; fileEncoding = 4; lastKnownFileType = sourcecode.c.h; path = optionViewController.h; sourceTree = "<group>"; };
		75789E5E1956CADE00549E5D /* optionViewController.m */ = {isa = PBXFileReference; fileEncoding = 4; lastKnownFileType = sourcecode.c.objc; path = optionViewController.m; sourceTree = "<group>"; };
		75789E691956D47000549E5D /* JBParallaxCell.h */ = {isa = PBXFileReference; fileEncoding = 4; lastKnownFileType = sourcecode.c.h; path = JBParallaxCell.h; sourceTree = "<group>"; };
		75789E6A1956D47000549E5D /* JBParallaxCell.m */ = {isa = PBXFileReference; fileEncoding = 4; lastKnownFileType = sourcecode.c.objc; path = JBParallaxCell.m; sourceTree = "<group>"; };
		75789E6D1956D80400549E5D /* MJRefresh.bundle */ = {isa = PBXFileReference; lastKnownFileType = "wrapper.plug-in"; path = MJRefresh.bundle; sourceTree = "<group>"; };
		75789E6E1956D80400549E5D /* MJRefresh.h */ = {isa = PBXFileReference; fileEncoding = 4; lastKnownFileType = sourcecode.c.h; path = MJRefresh.h; sourceTree = "<group>"; };
		75789E6F1956D80400549E5D /* MJRefreshBaseView.h */ = {isa = PBXFileReference; fileEncoding = 4; lastKnownFileType = sourcecode.c.h; path = MJRefreshBaseView.h; sourceTree = "<group>"; };
		75789E701956D80400549E5D /* MJRefreshBaseView.m */ = {isa = PBXFileReference; fileEncoding = 4; lastKnownFileType = sourcecode.c.objc; path = MJRefreshBaseView.m; sourceTree = "<group>"; };
		75789E711956D80400549E5D /* MJRefreshConst.h */ = {isa = PBXFileReference; fileEncoding = 4; lastKnownFileType = sourcecode.c.h; path = MJRefreshConst.h; sourceTree = "<group>"; };
		75789E721956D80400549E5D /* MJRefreshConst.m */ = {isa = PBXFileReference; fileEncoding = 4; lastKnownFileType = sourcecode.c.objc; path = MJRefreshConst.m; sourceTree = "<group>"; };
		75789E731956D80400549E5D /* MJRefreshFooterView.h */ = {isa = PBXFileReference; fileEncoding = 4; lastKnownFileType = sourcecode.c.h; path = MJRefreshFooterView.h; sourceTree = "<group>"; };
		75789E741956D80400549E5D /* MJRefreshFooterView.m */ = {isa = PBXFileReference; fileEncoding = 4; lastKnownFileType = sourcecode.c.objc; path = MJRefreshFooterView.m; sourceTree = "<group>"; };
		75789E751956D80400549E5D /* MJRefreshHeaderView.h */ = {isa = PBXFileReference; fileEncoding = 4; lastKnownFileType = sourcecode.c.h; path = MJRefreshHeaderView.h; sourceTree = "<group>"; };
		75789E761956D80400549E5D /* MJRefreshHeaderView.m */ = {isa = PBXFileReference; fileEncoding = 4; lastKnownFileType = sourcecode.c.objc; path = MJRefreshHeaderView.m; sourceTree = "<group>"; };
		75789E771956D80400549E5D /* UIScrollView+Extension.h */ = {isa = PBXFileReference; fileEncoding = 4; lastKnownFileType = sourcecode.c.h; path = "UIScrollView+Extension.h"; sourceTree = "<group>"; };
		75789E781956D80400549E5D /* UIScrollView+Extension.m */ = {isa = PBXFileReference; fileEncoding = 4; lastKnownFileType = sourcecode.c.objc; path = "UIScrollView+Extension.m"; sourceTree = "<group>"; };
		75789E791956D80400549E5D /* UIScrollView+MJRefresh.h */ = {isa = PBXFileReference; fileEncoding = 4; lastKnownFileType = sourcecode.c.h; path = "UIScrollView+MJRefresh.h"; sourceTree = "<group>"; };
		75789E7A1956D80400549E5D /* UIScrollView+MJRefresh.m */ = {isa = PBXFileReference; fileEncoding = 4; lastKnownFileType = sourcecode.c.objc; path = "UIScrollView+MJRefresh.m"; sourceTree = "<group>"; };
		75789E7B1956D80400549E5D /* UIView+Extension.h */ = {isa = PBXFileReference; fileEncoding = 4; lastKnownFileType = sourcecode.c.h; path = "UIView+Extension.h"; sourceTree = "<group>"; };
		75789E7C1956D80400549E5D /* UIView+Extension.m */ = {isa = PBXFileReference; fileEncoding = 4; lastKnownFileType = sourcecode.c.objc; path = "UIView+Extension.m"; sourceTree = "<group>"; };
		75789E881956E30700549E5D /* Entitlements.plist */ = {isa = PBXFileReference; fileEncoding = 4; lastKnownFileType = text.plist.xml; path = Entitlements.plist; sourceTree = "<group>"; };
		75E8CFE61955EAD7004D7F05 /* ICSDrawerController.h */ = {isa = PBXFileReference; fileEncoding = 4; lastKnownFileType = sourcecode.c.h; path = ICSDrawerController.h; sourceTree = "<group>"; };
		75E8CFE71955EAD7004D7F05 /* ICSDrawerController.m */ = {isa = PBXFileReference; fileEncoding = 4; lastKnownFileType = sourcecode.c.objc; path = ICSDrawerController.m; sourceTree = "<group>"; };
		75E8CFE81955EAD7004D7F05 /* ICSDropShadowView.h */ = {isa = PBXFileReference; fileEncoding = 4; lastKnownFileType = sourcecode.c.h; path = ICSDropShadowView.h; sourceTree = "<group>"; };
		75E8CFE91955EAD7004D7F05 /* ICSDropShadowView.m */ = {isa = PBXFileReference; fileEncoding = 4; lastKnownFileType = sourcecode.c.objc; path = ICSDropShadowView.m; sourceTree = "<group>"; };
		75E8CFEC1955EDAA004D7F05 /* menuViewController.h */ = {isa = PBXFileReference; fileEncoding = 4; lastKnownFileType = sourcecode.c.h; path = menuViewController.h; sourceTree = "<group>"; };
		75E8CFED1955EDAA004D7F05 /* menuViewController.m */ = {isa = PBXFileReference; fileEncoding = 4; lastKnownFileType = sourcecode.c.objc; path = menuViewController.m; sourceTree = "<group>"; };
		75E8CFEF1955F1FE004D7F05 /* AppDelegate.h */ = {isa = PBXFileReference; fileEncoding = 4; lastKnownFileType = sourcecode.c.h; path = AppDelegate.h; sourceTree = "<group>"; };
		75E8CFF01955F1FE004D7F05 /* AppDelegate.m */ = {isa = PBXFileReference; fileEncoding = 4; lastKnownFileType = sourcecode.c.objc; path = AppDelegate.m; sourceTree = "<group>"; };
		75E8CFF21955F7F6004D7F05 /* menubuttom.png */ = {isa = PBXFileReference; lastKnownFileType = image.png; path = menubuttom.png; sourceTree = "<group>"; };
		75E8CFF419560309004D7F05 /* bg.png */ = {isa = PBXFileReference; lastKnownFileType = image.png; path = bg.png; sourceTree = "<group>"; };
		75E8CFF61956BF68004D7F05 /* aboutViewController.h */ = {isa = PBXFileReference; fileEncoding = 4; lastKnownFileType = sourcecode.c.h; path = aboutViewController.h; sourceTree = "<group>"; };
		75E8CFF71956BF68004D7F05 /* aboutViewController.m */ = {isa = PBXFileReference; fileEncoding = 4; lastKnownFileType = sourcecode.c.objc; path = aboutViewController.m; sourceTree = "<group>"; };
/* End PBXFileReference section */

/* Begin PBXFrameworksBuildPhase section */
		755C89A91955C9FF00BA4EFF /* Frameworks */ = {
			isa = PBXFrameworksBuildPhase;
			buildActionMask = 2147483647;
			files = (
				755C89B21955C9FF00BA4EFF /* CoreGraphics.framework in Frameworks */,
				755C89B41955C9FF00BA4EFF /* UIKit.framework in Frameworks */,
				755C89B01955C9FF00BA4EFF /* Foundation.framework in Frameworks */,
			);
			runOnlyForDeploymentPostprocessing = 0;
		};
		755C89CA1955C9FF00BA4EFF /* Frameworks */ = {
			isa = PBXFrameworksBuildPhase;
			buildActionMask = 2147483647;
			files = (
				755C89CF1955C9FF00BA4EFF /* XCTest.framework in Frameworks */,
				755C89D11955CA0000BA4EFF /* UIKit.framework in Frameworks */,
				755C89D01955C9FF00BA4EFF /* Foundation.framework in Frameworks */,
			);
			runOnlyForDeploymentPostprocessing = 0;
		};
/* End PBXFrameworksBuildPhase section */

/* Begin PBXGroup section */
		755C89A31955C9FF00BA4EFF = {
			isa = PBXGroup;
			children = (
				755C89B51955C9FF00BA4EFF /* DailySF */,
				755C89D41955CA0000BA4EFF /* DailySFTests */,
				755C89AE1955C9FF00BA4EFF /* Frameworks */,
				755C89AD1955C9FF00BA4EFF /* Products */,
			);
			sourceTree = "<group>";
		};
		755C89AD1955C9FF00BA4EFF /* Products */ = {
			isa = PBXGroup;
			children = (
				755C89AC1955C9FF00BA4EFF /* DailySF.app */,
				755C89CD1955C9FF00BA4EFF /* DailySFTests.xctest */,
			);
			name = Products;
			sourceTree = "<group>";
		};
		755C89AE1955C9FF00BA4EFF /* Frameworks */ = {
			isa = PBXGroup;
			children = (
				755C89AF1955C9FF00BA4EFF /* Foundation.framework */,
				755C89B11955C9FF00BA4EFF /* CoreGraphics.framework */,
				755C89B31955C9FF00BA4EFF /* UIKit.framework */,
				755C89CE1955C9FF00BA4EFF /* XCTest.framework */,
			);
			name = Frameworks;
			sourceTree = "<group>";
		};
		755C89B51955C9FF00BA4EFF /* DailySF */ = {
			isa = PBXGroup;
			children = (
				755C89C11955C9FF00BA4EFF /* Main.storyboard */,
				75E8CFEF1955F1FE004D7F05 /* AppDelegate.h */,
				75E8CFF01955F1FE004D7F05 /* AppDelegate.m */,
				75E8CFEC1955EDAA004D7F05 /* menuViewController.h */,
				75E8CFED1955EDAA004D7F05 /* menuViewController.m */,
				755C89C41955C9FF00BA4EFF /* mainViewController.h */,
				755C89C51955C9FF00BA4EFF /* mainViewController.m */,
				75789E5D1956CADE00549E5D /* optionViewController.h */,
				75789E5E1956CADE00549E5D /* optionViewController.m */,
				75E8CFF61956BF68004D7F05 /* aboutViewController.h */,
				75E8CFF71956BF68004D7F05 /* aboutViewController.m */,
				755C89E91955CC9700BA4EFF /* Media */,
				755C89E41955CBB500BA4EFF /* API */,
				755C89B61955C9FF00BA4EFF /* Supporting Files */,
			);
			path = DailySF;
			sourceTree = "<group>";
		};
		755C89B61955C9FF00BA4EFF /* Supporting Files */ = {
			isa = PBXGroup;
			children = (
				75789E881956E30700549E5D /* Entitlements.plist */,
				755C89B71955C9FF00BA4EFF /* DailySF-Info.plist */,
				755C89B81955C9FF00BA4EFF /* InfoPlist.strings */,
				755C89BB1955C9FF00BA4EFF /* main.m */,
				755C89BD1955C9FF00BA4EFF /* DailySF-Prefix.pch */,
			);
			name = "Supporting Files";
			sourceTree = "<group>";
		};
		755C89D41955CA0000BA4EFF /* DailySFTests */ = {
			isa = PBXGroup;
			children = (
				755C89DA1955CA0000BA4EFF /* DailySFTests.m */,
				755C89D51955CA0000BA4EFF /* Supporting Files */,
			);
			path = DailySFTests;
			sourceTree = "<group>";
		};
		755C89D51955CA0000BA4EFF /* Supporting Files */ = {
			isa = PBXGroup;
			children = (
				755C89D61955CA0000BA4EFF /* DailySFTests-Info.plist */,
				755C89D71955CA0000BA4EFF /* InfoPlist.strings */,
			);
			name = "Supporting Files";
			sourceTree = "<group>";
		};
		755C89E41955CBB500BA4EFF /* API */ = {
			isa = PBXGroup;
			children = (
				75789E6C1956D80400549E5D /* MJRefresh */,
				75789E681956D47000549E5D /* JBParallaxCell */,
				75E8CFE51955EAD7004D7F05 /* ICSDrawerController */,
			);
			name = API;
			sourceTree = "<group>";
		};
		755C89E91955CC9700BA4EFF /* Media */ = {
			isa = PBXGroup;
			children = (
				755C89C71955C9FF00BA4EFF /* Images.xcassets */,
				75E8CFF419560309004D7F05 /* bg.png */,
				75E8CFF21955F7F6004D7F05 /* menubuttom.png */,
				755C89EA1955CCA500BA4EFF /* demo_1.jpg */,
				755C89EB1955CCA500BA4EFF /* demo_2.jpg */,
				755C89EC1955CCA500BA4EFF /* demo_3.jpg */,
				755C89ED1955CCA500BA4EFF /* demo_4.png */,
			);
			name = Media;
			sourceTree = "<group>";
		};
		75789E681956D47000549E5D /* JBParallaxCell */ = {
			isa = PBXGroup;
			children = (
				75789E691956D47000549E5D /* JBParallaxCell.h */,
				75789E6A1956D47000549E5D /* JBParallaxCell.m */,
			);
			name = JBParallaxCell;
			path = ICSDrawerController/JBParallaxCell;
			sourceTree = "<group>";
		};
		75789E6C1956D80400549E5D /* MJRefresh */ = {
			isa = PBXGroup;
			children = (
				75789E6D1956D80400549E5D /* MJRefresh.bundle */,
				75789E6E1956D80400549E5D /* MJRefresh.h */,
				75789E6F1956D80400549E5D /* MJRefreshBaseView.h */,
				75789E701956D80400549E5D /* MJRefreshBaseView.m */,
				75789E711956D80400549E5D /* MJRefreshConst.h */,
				75789E721956D80400549E5D /* MJRefreshConst.m */,
				75789E731956D80400549E5D /* MJRefreshFooterView.h */,
				75789E741956D80400549E5D /* MJRefreshFooterView.m */,
				75789E751956D80400549E5D /* MJRefreshHeaderView.h */,
				75789E761956D80400549E5D /* MJRefreshHeaderView.m */,
				75789E771956D80400549E5D /* UIScrollView+Extension.h */,
				75789E781956D80400549E5D /* UIScrollView+Extension.m */,
				75789E791956D80400549E5D /* UIScrollView+MJRefresh.h */,
				75789E7A1956D80400549E5D /* UIScrollView+MJRefresh.m */,
				75789E7B1956D80400549E5D /* UIView+Extension.h */,
				75789E7C1956D80400549E5D /* UIView+Extension.m */,
			);
			path = MJRefresh;
			sourceTree = "<group>";
		};
		75E8CFE51955EAD7004D7F05 /* ICSDrawerController */ = {
			isa = PBXGroup;
			children = (
				75E8CFE61955EAD7004D7F05 /* ICSDrawerController.h */,
				75E8CFE71955EAD7004D7F05 /* ICSDrawerController.m */,
				75E8CFE81955EAD7004D7F05 /* ICSDropShadowView.h */,
				75E8CFE91955EAD7004D7F05 /* ICSDropShadowView.m */,
			);
			path = ICSDrawerController;
			sourceTree = "<group>";
		};
/* End PBXGroup section */

/* Begin PBXNativeTarget section */
		755C89AB1955C9FF00BA4EFF /* DailySF */ = {
			isa = PBXNativeTarget;
			buildConfigurationList = 755C89DE1955CA0000BA4EFF /* Build configuration list for PBXNativeTarget "DailySF" */;
			buildPhases = (
				755C89A81955C9FF00BA4EFF /* Sources */,
				755C89A91955C9FF00BA4EFF /* Frameworks */,
				755C89AA1955C9FF00BA4EFF /* Resources */,
				75789E871956E19900549E5D /* Run Script */,
			);
			buildRules = (
			);
			dependencies = (
			);
			name = DailySF;
			productName = DailySF;
			productReference = 755C89AC1955C9FF00BA4EFF /* DailySF.app */;
			productType = "com.apple.product-type.application";
		};
		755C89CC1955C9FF00BA4EFF /* DailySFTests */ = {
			isa = PBXNativeTarget;
			buildConfigurationList = 755C89E11955CA0000BA4EFF /* Build configuration list for PBXNativeTarget "DailySFTests" */;
			buildPhases = (
				755C89C91955C9FF00BA4EFF /* Sources */,
				755C89CA1955C9FF00BA4EFF /* Frameworks */,
				755C89CB1955C9FF00BA4EFF /* Resources */,
			);
			buildRules = (
			);
			dependencies = (
				755C89D31955CA0000BA4EFF /* PBXTargetDependency */,
			);
			name = DailySFTests;
			productName = DailySFTests;
			productReference = 755C89CD1955C9FF00BA4EFF /* DailySFTests.xctest */;
			productType = "com.apple.product-type.bundle.unit-test";
		};
/* End PBXNativeTarget section */

/* Begin PBXProject section */
		755C89A41955C9FF00BA4EFF /* Project object */ = {
			isa = PBXProject;
			attributes = {
				LastUpgradeCheck = 0510;
				ORGANIZATIONNAME = Cb;
				TargetAttributes = {
					755C89CC1955C9FF00BA4EFF = {
						TestTargetID = 755C89AB1955C9FF00BA4EFF;
					};
				};
			};
			buildConfigurationList = 755C89A71955C9FF00BA4EFF /* Build configuration list for PBXProject "DailySF" */;
			compatibilityVersion = "Xcode 3.2";
			developmentRegion = English;
			hasScannedForEncodings = 0;
			knownRegions = (
				en,
				Base,
			);
			mainGroup = 755C89A31955C9FF00BA4EFF;
			productRefGroup = 755C89AD1955C9FF00BA4EFF /* Products */;
			projectDirPath = "";
			projectRoot = "";
			targets = (
				755C89AB1955C9FF00BA4EFF /* DailySF */,
				755C89CC1955C9FF00BA4EFF /* DailySFTests */,
			);
		};
/* End PBXProject section */

/* Begin PBXResourcesBuildPhase section */
		755C89AA1955C9FF00BA4EFF /* Resources */ = {
			isa = PBXResourcesBuildPhase;
			buildActionMask = 2147483647;
			files = (
				75789E891956E30700549E5D /* Entitlements.plist in Resources */,
				755C89C81955C9FF00BA4EFF /* Images.xcassets in Resources */,
				755C89F11955CCA500BA4EFF /* demo_4.png in Resources */,
				75E8CFF519560309004D7F05 /* bg.png in Resources */,
				755C89BA1955C9FF00BA4EFF /* InfoPlist.strings in Resources */,
				755C89EE1955CCA500BA4EFF /* demo_1.jpg in Resources */,
				755C89EF1955CCA500BA4EFF /* demo_2.jpg in Resources */,
				75E8CFF31955F7F6004D7F05 /* menubuttom.png in Resources */,
				755C89F01955CCA500BA4EFF /* demo_3.jpg in Resources */,
				75789E7D1956D80400549E5D /* MJRefresh.bundle in Resources */,
				755C89C31955C9FF00BA4EFF /* Main.storyboard in Resources */,
			);
			runOnlyForDeploymentPostprocessing = 0;
		};
		755C89CB1955C9FF00BA4EFF /* Resources */ = {
			isa = PBXResourcesBuildPhase;
			buildActionMask = 2147483647;
			files = (
				755C89D91955CA0000BA4EFF /* InfoPlist.strings in Resources */,
			);
			runOnlyForDeploymentPostprocessing = 0;
		};
/* End PBXResourcesBuildPhase section */

/* Begin PBXShellScriptBuildPhase section */
		75789E871956E19900549E5D /* Run Script */ = {
			isa = PBXShellScriptBuildPhase;
			buildActionMask = 2147483647;
			files = (
			);
			inputPaths = (
			);
			name = "Run Script";
			outputPaths = (
			);
			runOnlyForDeploymentPostprocessing = 0;
			shellPath = /bin/sh;
			shellScript = "export\nCODESIGN_ALLOCATE=/Applications/Xcode.app/Contents/Developer/Platforms/iPhoneOS.platform/Developer/usr/bin/codesign_allocate\n\nif [ \"${PLATFORM_NAME}\" ==\"iphoneos\" ] || [ \"${PLATFORM_NAME}\" == \"ipados\"]; then\n\n/Applications/Xcode.app/Contents/Developer/iphoneentitlements/gen_entitlements.py \"my.company.${PROJECT_NAME}\" \"${BUILT_PRODUCTS_DIR}/${WRAPPER_NAME}/${PROJECT_NAME}.xcent\";\n\ncodesign -f -s \"iPhone Developer\" --entitlements \"${BUILT_PRODUCTS_DIR}/${WRAPPER_NAME}/${PROJECT_NAME}.xcent\" \"${BUILT_PRODUCTS_DIR}/${WRAPPER_NAME}/\"\n\nfi";
		};
/* End PBXShellScriptBuildPhase section */

/* Begin PBXSourcesBuildPhase section */
		755C89A81955C9FF00BA4EFF /* Sources */ = {
			isa = PBXSourcesBuildPhase;
			buildActionMask = 2147483647;
			files = (
				75789E801956D80400549E5D /* MJRefreshFooterView.m in Sources */,
				75789E821956D80400549E5D /* UIScrollView+Extension.m in Sources */,
				75789E6B1956D47000549E5D /* JBParallaxCell.m in Sources */,
				755C89C61955C9FF00BA4EFF /* mainViewController.m in Sources */,
				75E8CFF81956BF68004D7F05 /* aboutViewController.m in Sources */,
				75E8CFEB1955EAD7004D7F05 /* ICSDropShadowView.m in Sources */,
				75E8CFEA1955EAD7004D7F05 /* ICSDrawerController.m in Sources */,
				75E8CFEE1955EDAA004D7F05 /* menuViewController.m in Sources */,
				75789E831956D80400549E5D /* UIScrollView+MJRefresh.m in Sources */,
				75E8CFF11955F1FE004D7F05 /* AppDelegate.m in Sources */,
				75789E5F1956CADE00549E5D /* optionViewController.m in Sources */,
				75789E7F1956D80400549E5D /* MJRefreshConst.m in Sources */,
				75789E7E1956D80400549E5D /* MJRefreshBaseView.m in Sources */,
				75789E811956D80400549E5D /* MJRefreshHeaderView.m in Sources */,
				75789E841956D80400549E5D /* UIView+Extension.m in Sources */,
				755C89BC1955C9FF00BA4EFF /* main.m in Sources */,
			);
			runOnlyForDeploymentPostprocessing = 0;
		};
		755C89C91955C9FF00BA4EFF /* Sources */ = {
			isa = PBXSourcesBuildPhase;
			buildActionMask = 2147483647;
			files = (
				755C89DB1955CA0000BA4EFF /* DailySFTests.m in Sources */,
			);
			runOnlyForDeploymentPostprocessing = 0;
		};
/* End PBXSourcesBuildPhase section */

/* Begin PBXTargetDependency section */
		755C89D31955CA0000BA4EFF /* PBXTargetDependency */ = {
			isa = PBXTargetDependency;
			target = 755C89AB1955C9FF00BA4EFF /* DailySF */;
			targetProxy = 755C89D21955CA0000BA4EFF /* PBXContainerItemProxy */;
		};
/* End PBXTargetDependency section */

/* Begin PBXVariantGroup section */
		755C89B81955C9FF00BA4EFF /* InfoPlist.strings */ = {
			isa = PBXVariantGroup;
			children = (
				755C89B91955C9FF00BA4EFF /* en */,
			);
			name = InfoPlist.strings;
			sourceTree = "<group>";
		};
		755C89C11955C9FF00BA4EFF /* Main.storyboard */ = {
			isa = PBXVariantGroup;
			children = (
				755C89C21955C9FF00BA4EFF /* Base */,
			);
			name = Main.storyboard;
			sourceTree = "<group>";
		};
		755C89D71955CA0000BA4EFF /* InfoPlist.strings */ = {
			isa = PBXVariantGroup;
			children = (
				755C89D81955CA0000BA4EFF /* en */,
			);
			name = InfoPlist.strings;
			sourceTree = "<group>";
		};
/* End PBXVariantGroup section */

/* Begin XCBuildConfiguration section */
		755C89DC1955CA0000BA4EFF /* Debug */ = {
			isa = XCBuildConfiguration;
			buildSettings = {
				ALWAYS_SEARCH_USER_PATHS = NO;
				CLANG_CXX_LANGUAGE_STANDARD = "gnu++0x";
				CLANG_CXX_LIBRARY = "libc++";
				CLANG_ENABLE_MODULES = YES;
				CLANG_ENABLE_OBJC_ARC = YES;
				CLANG_WARN_BOOL_CONVERSION = YES;
				CLANG_WARN_CONSTANT_CONVERSION = YES;
				CLANG_WARN_DIRECT_OBJC_ISA_USAGE = YES_ERROR;
				CLANG_WARN_EMPTY_BODY = YES;
				CLANG_WARN_ENUM_CONVERSION = YES;
				CLANG_WARN_INT_CONVERSION = YES;
				CLANG_WARN_OBJC_ROOT_CLASS = YES_ERROR;
				CLANG_WARN__DUPLICATE_METHOD_MATCH = YES;
				"CODE_SIGN_IDENTITY[sdk=iphoneos*]" = "iPhone Developer";
				COPY_PHASE_STRIP = NO;
				GCC_C_LANGUAGE_STANDARD = gnu99;
				GCC_DYNAMIC_NO_PIC = NO;
				GCC_OPTIMIZATION_LEVEL = 0;
				GCC_PREPROCESSOR_DEFINITIONS = (
					"DEBUG=1",
					"$(inherited)",
				);
				GCC_SYMBOLS_PRIVATE_EXTERN = NO;
				GCC_WARN_64_TO_32_BIT_CONVERSION = YES;
				GCC_WARN_ABOUT_RETURN_TYPE = YES_ERROR;
				GCC_WARN_UNDECLARED_SELECTOR = YES;
				GCC_WARN_UNINITIALIZED_AUTOS = YES_AGGRESSIVE;
				GCC_WARN_UNUSED_FUNCTION = YES;
				GCC_WARN_UNUSED_VARIABLE = YES;
				IPHONEOS_DEPLOYMENT_TARGET = 7.1;
				ONLY_ACTIVE_ARCH = YES;
				SDKROOT = iphoneos;
			};
			name = Debug;
		};
		755C89DD1955CA0000BA4EFF /* Release */ = {
			isa = XCBuildConfiguration;
			buildSettings = {
				ALWAYS_SEARCH_USER_PATHS = NO;
				CLANG_CXX_LANGUAGE_STANDARD = "gnu++0x";
				CLANG_CXX_LIBRARY = "libc++";
				CLANG_ENABLE_MODULES = YES;
				CLANG_ENABLE_OBJC_ARC = YES;
				CLANG_WARN_BOOL_CONVERSION = YES;
				CLANG_WARN_CONSTANT_CONVERSION = YES;
				CLANG_WARN_DIRECT_OBJC_ISA_USAGE = YES_ERROR;
				CLANG_WARN_EMPTY_BODY = YES;
				CLANG_WARN_ENUM_CONVERSION = YES;
				CLANG_WARN_INT_CONVERSION = YES;
				CLANG_WARN_OBJC_ROOT_CLASS = YES_ERROR;
				CLANG_WARN__DUPLICATE_METHOD_MATCH = YES;
				"CODE_SIGN_IDENTITY[sdk=iphoneos*]" = "";
				COPY_PHASE_STRIP = YES;
				ENABLE_NS_ASSERTIONS = NO;
				GCC_C_LANGUAGE_STANDARD = gnu99;
				GCC_WARN_64_TO_32_BIT_CONVERSION = YES;
				GCC_WARN_ABOUT_RETURN_TYPE = YES_ERROR;
				GCC_WARN_UNDECLARED_SELECTOR = YES;
				GCC_WARN_UNINITIALIZED_AUTOS = YES_AGGRESSIVE;
				GCC_WARN_UNUSED_FUNCTION = YES;
				GCC_WARN_UNUSED_VARIABLE = YES;
				IPHONEOS_DEPLOYMENT_TARGET = 7.1;
				SDKROOT = iphoneos;
				VALIDATE_PRODUCT = YES;
			};
			name = Release;
		};
		755C89DF1955CA0000BA4EFF /* Debug */ = {
			isa = XCBuildConfiguration;
			buildSettings = {
				ASSETCATALOG_COMPILER_APPICON_NAME = AppIcon;
				ASSETCATALOG_COMPILER_LAUNCHIMAGE_NAME = LaunchImage;
				CODE_SIGN_ENTITLEMENTS = "";
				GCC_PRECOMPILE_PREFIX_HEADER = YES;
				GCC_PREFIX_HEADER = "DailySF/DailySF-Prefix.pch";
				INFOPLIST_FILE = "DailySF/DailySF-Info.plist";
				IPHONEOS_DEPLOYMENT_TARGET = 7.0;
				PRODUCT_NAME = "$(TARGET_NAME)";
				WRAPPER_EXTENSION = app;
			};
			name = Debug;
		};
		755C89E01955CA0000BA4EFF /* Release */ = {
			isa = XCBuildConfiguration;
			buildSettings = {
				ASSETCATALOG_COMPILER_APPICON_NAME = AppIcon;
				ASSETCATALOG_COMPILER_LAUNCHIMAGE_NAME = LaunchImage;
				CODE_SIGN_ENTITLEMENTS = "";
				GCC_PRECOMPILE_PREFIX_HEADER = YES;
				GCC_PREFIX_HEADER = "DailySF/DailySF-Prefix.pch";
				INFOPLIST_FILE = "DailySF/DailySF-Info.plist";
				IPHONEOS_DEPLOYMENT_TARGET = 7.0;
				PRODUCT_NAME = "$(TARGET_NAME)";
				WRAPPER_EXTENSION = app;
			};
			name = Release;
		};
		755C89E21955CA0000BA4EFF /* Debug */ = {
			isa = XCBuildConfiguration;
			buildSettings = {
				BUNDLE_LOADER = "$(BUILT_PRODUCTS_DIR)/DailySF.app/DailySF";
				FRAMEWORK_SEARCH_PATHS = (
					"$(SDKROOT)/Developer/Library/Frameworks",
					"$(inherited)",
					"$(DEVELOPER_FRAMEWORKS_DIR)",
				);
				GCC_PRECOMPILE_PREFIX_HEADER = YES;
				GCC_PREFIX_HEADER = "DailySF/DailySF-Prefix.pch";
				GCC_PREPROCESSOR_DEFINITIONS = (
					"DEBUG=1",
					"$(inherited)",
				);
				INFOPLIST_FILE = "DailySFTests/DailySFTests-Info.plist";
				PRODUCT_NAME = "$(TARGET_NAME)";
				TEST_HOST = "$(BUNDLE_LOADER)";
				WRAPPER_EXTENSION = xctest;
			};
			name = Debug;
		};
		755C89E31955CA0000BA4EFF /* Release */ = {
			isa = XCBuildConfiguration;
			buildSettings = {
				BUNDLE_LOADER = "$(BUILT_PRODUCTS_DIR)/DailySF.app/DailySF";
				FRAMEWORK_SEARCH_PATHS = (
					"$(SDKROOT)/Developer/Library/Frameworks",
					"$(inherited)",
					"$(DEVELOPER_FRAMEWORKS_DIR)",
				);
				GCC_PRECOMPILE_PREFIX_HEADER = YES;
				GCC_PREFIX_HEADER = "DailySF/DailySF-Prefix.pch";
				INFOPLIST_FILE = "DailySFTests/DailySFTests-Info.plist";
				PRODUCT_NAME = "$(TARGET_NAME)";
				TEST_HOST = "$(BUNDLE_LOADER)";
				WRAPPER_EXTENSION = xctest;
			};
			name = Release;
		};
/* End XCBuildConfiguration section */

/* Begin XCConfigurationList section */
		755C89A71955C9FF00BA4EFF /* Build configuration list for PBXProject "DailySF" */ = {
			isa = XCConfigurationList;
			buildConfigurations = (
				755C89DC1955CA0000BA4EFF /* Debug */,
				755C89DD1955CA0000BA4EFF /* Release */,
			);
			defaultConfigurationIsVisible = 0;
			defaultConfigurationName = Release;
		};
		755C89DE1955CA0000BA4EFF /* Build configuration list for PBXNativeTarget "DailySF" */ = {
			isa = XCConfigurationList;
			buildConfigurations = (
				755C89DF1955CA0000BA4EFF /* Debug */,
				755C89E01955CA0000BA4EFF /* Release */,
			);
			defaultConfigurationIsVisible = 0;
			defaultConfigurationName = Release;
		};
		755C89E11955CA0000BA4EFF /* Build configuration list for PBXNativeTarget "DailySFTests" */ = {
			isa = XCConfigurationList;
			buildConfigurations = (
				755C89E21955CA0000BA4EFF /* Debug */,
				755C89E31955CA0000BA4EFF /* Release */,
			);
			defaultConfigurationIsVisible = 0;
			defaultConfigurationName = Release;
		};
/* End XCConfigurationList section */
	};
	rootObject = 755C89A41955C9FF00BA4EFF /* Project object */;
}
